
Microsoft Visual Studio Solution File, Format Version 12.00
# Visual Studio Version 17
VisualStudioVersion = 17.9.34728.123
MinimumVisualStudioVersion = 10.0.40219.1
Project("{FAE04EC0-301F-11D3-BF4B-00C04F79EFBC}") = "ControleEstoqueApp", "ControleEstoqueApp\ControleEstoqueApp.csproj", "{75EF1EAF-F86E-4134-B952-D7F2E23315A9}"
EndProject
Global
	GlobalSection(SolutionConfigurationPlatforms) = preSolution
		Debug|Any CPU = Debug|Any CPU
		Release|Any CPU = Release|Any CPU
	EndGlobalSection
	GlobalSection(ProjectConfigurationPlatforms) = postSolution
		{75EF1EAF-F86E-4134-B952-D7F2E23315A9}.Debug|Any CPU.ActiveCfg = Debug|Any CPU
		{75EF1EAF-F86E-4134-B952-D7F2E23315A9}.Debug|Any CPU.Build.0 = Debug|Any CPU
		{75EF1EAF-F86E-4134-B952-D7F2E23315A9}.Release|Any CPU.ActiveCfg = Release|Any CPU
		{75EF1EAF-F86E-4134-B952-D7F2E23315A9}.Release|Any CPU.Build.0 = Release|Any CPU
	EndGlobalSection
	GlobalSection(SolutionProperties) = preSolution
		HideSolutionNode = FALSE
	EndGlobalSection
	GlobalSection(ExtensibilityGlobals) = postSolution
		SolutionGuid = {98124E5D-C40E-4A27-868D-6FBAA38B94A5}
	EndGlobalSection
EndGlobal
